<?xml version="1.0" encoding="utf-8"?>
<Project ToolsVersion="4.0" xmlns="http://schemas.microsoft.com/developer/msbuild/2003">
  <ItemGroup>
    <ClCompile Include="src\System\Main.cpp">
      <Filter>System</Filter>
    </ClCompile>
    <ClCompile Include="src\System\Managers\SceneManager.cpp">
      <Filter>System</Filter>
    </ClCompile>
    <ClCompile Include="src\System\Utils\Time.cpp">
      <Filter>System</Filter>
    </ClCompile>
    <ClCompile Include="src\System\Objects\Object.cpp">
      <Filter>System</Filter>
    </ClCompile>
    <ClCompile Include="src\System\Scene.cpp">
      <Filter>System</Filter>
    </ClCompile>
    <ClCompile Include="src\System\Components\Transform.cpp">
      <Filter>System\Compnents</Filter>
    </ClCompile>
    <ClCompile Include="src\System\Components\Component.cpp">
      <Filter>System</Filter>
    </ClCompile>
    <ClCompile Include="src\Float2.cpp">
      <Filter>System</Filter>
    </ClCompile>
    <ClCompile Include="src\Float3.cpp">
      <Filter>System</Filter>
    </ClCompile>
    <ClCompile Include="src\System\Utils\Input.cpp">
      <Filter>System</Filter>
    </ClCompile>
    <ClCompile Include="src\System\Utils\Exception.cpp">
      <Filter>System</Filter>
    </ClCompile>
    <ClCompile Include="src\System\Components\Collider.cpp">
      <Filter>System\Compnents</Filter>
    </ClCompile>
    <ClCompile Include="src\System\Components\BoxCollider.cpp">
      <Filter>System\Compnents</Filter>
    </ClCompile>
    <ClCompile Include="src\System\Components\CapsuleCollider.cpp">
      <Filter>System\Compnents</Filter>
    </ClCompile>
    <ClCompile Include="src\System\Components\SphereCollider.cpp">
      <Filter>System\Compnents</Filter>
    </ClCompile>
    <ClCompile Include="src\System\Components\RigidBody.cpp">
      <Filter>System\Compnents</Filter>
    </ClCompile>
    <ClCompile Include="src\System\Managers\PhysicsManager.cpp">
      <Filter>System</Filter>
    </ClCompile>
    <ClCompile Include="src\System\typedef.cpp">
      <Filter>System</Filter>
    </ClCompile>
    <ClCompile Include="src\System\Components\MeshCollider.cpp">
      <Filter>System\Compnents</Filter>
    </ClCompile>
    <ClCompile Include="src\System\Components\ModelRenderer.cpp">
      <Filter>System\Compnents</Filter>
    </ClCompile>
    <ClCompile Include="src\System\DontDestroyOnLoadScene.cpp">
      <Filter>System</Filter>
    </ClCompile>
    <ClCompile Include="src\System\Managers\ModelManager.cpp">
      <Filter>System</Filter>
    </ClCompile>
    <ClCompile Include="src\System\Components\ConvexMeshCollider.cpp">
      <Filter>System\Compnents</Filter>
    </ClCompile>
    <ClCompile Include="src\System\Components\Animator.cpp">
      <Filter>System\Compnents</Filter>
    </ClCompile>
    <ClCompile Include="src\System\Utils\Color.cpp">
      <Filter>System</Filter>
    </ClCompile>
    <ClCompile Include="src\System\Managers\AudioManager.cpp">
      <Filter>System</Filter>
    </ClCompile>
    <ClCompile Include="src\System\Components\AudioPlayer.cpp">
      <Filter>System\Compnents</Filter>
    </ClCompile>
    <ClCompile Include="src\System\Components\AudioListener.cpp" />
    <ClCompile Include="src\System\Utils\Shader.cpp">
      <Filter>System</Filter>
    </ClCompile>
    <ClCompile Include="src\System\Utils\FileWatcher.cpp">
      <Filter>System</Filter>
    </ClCompile>
    <ClCompile Include="src\System\Components\Camera.cpp" />
    <ClCompile Include="src\System\Managers\TextureManager.cpp" />
    <ClCompile Include="src\System\Managers\IniFileManager.cpp" />
    <ClCompile Include="src\System\Utils\Random.cpp" />
    <ClCompile Include="src\System\Objects\CameraObject.cpp" />
    <ClCompile Include="src\System\Objects\ButtonObject.cpp" />
    <ClCompile Include="src\System\Components\Text.cpp" />
    <ClCompile Include="src\System\Components\Button.cpp" />
    <ClCompile Include="src\System\Objects\TextObject.cpp" />
    <ClCompile Include="src\Game\Objects\Sample\Cards\CardBase.cpp" />
    <ClCompile Include="src\Game\Objects\Sample\Cards\CardDoman.cpp" />
    <ClCompile Include="src\Game\Objects\Sample\Cards\CardFist.cpp" />
    <ClCompile Include="src\Game\Objects\Sample\Cards\CardShinsoku.cpp" />
    <ClCompile Include="src\Game\Objects\Sample\Cards\CardUnpu.cpp" />
    <ClCompile Include="src\Game\Objects\Sample\Dices\DiceBase.cpp" />
    <ClCompile Include="src\Game\Objects\Sample\Dices\DiceD4.cpp" />
    <ClCompile Include="src\Game\Objects\Sample\Dices\DiceD6.cpp" />
    <ClCompile Include="src\Game\Objects\Sample\Dices\DiceD8.cpp" />
    <ClCompile Include="src\Game\Objects\Sample\Dices\DiceD10.cpp" />
    <ClCompile Include="src\Game\Objects\Sample\Dices\DiceD12.cpp" />
    <ClCompile Include="src\Game\Objects\Sample\Dices\DiceD20.cpp" />
    <ClCompile Include="src\Game\Scenes\Sample\DiceScene.cpp" />
    <ClCompile Include="src\Game\Scenes\Sample\SampleAnotherScene.cpp" />
    <ClCompile Include="src\Game\Utilitys\DicePair.cpp" />
    <ClCompile Include="src\Game\Managers\NetWorkManagerBase.cpp" />
    <ClCompile Include="src\Game\Managers\NetWorkManager_Server.cpp" />
    <ClCompile Include="src\Game\Managers\NetWorkManager_Client.cpp" />
    <ClCompile Include="src\Game\Scenes\NetWork\NetWorkSampleScene.cpp" />
    <ClCompile Include="src\System\Utils\Render.cpp" />
    <ClCompile Include="src\System\Objects\ShadowMapObject.cpp" />
    <ClCompile Include="src\Game\Scenes\Sample\SampleAnimationScene.cpp" />
    <ClCompile Include="src\Game\Objects\Sample\SampleAnimationObject.cpp" />
    <ClCompile Include="src\Game\Scenes\NetWork\NetWorkSampleScene_Client.cpp" />
    <ClCompile Include="src\Game\Scenes\NetWork\NetWorkSampleScene_Server.cpp" />
    <ClCompile Include="src\System\Utils\Material.cpp" />
    <ClCompile Include="src\System\Managers\MaterialManager.cpp" />
    <ClCompile Include="src\Game\Objects\Sample\SampleMovingCharacter.cpp" />
    <ClCompile Include="src\Game\Scenes\Sample\SampleMovingScene.cpp" />
    <ClCompile Include="src\Game\Scenes\Sample\SampleMaterialScene.cpp" />
    <ClCompile Include="src\System\Components\ImageRenderer.cpp" />
    <ClCompile Include="src\Game\Scenes\Sample\SampleRoomScene.cpp" />
    <ClCompile Include="src\Game\Managers\LightManager.cpp" />
    <ClCompile Include="src\precompile.cpp" />
    <ClCompile Include="src\Game\Scenes\Sample\SampleRoomScene.cpp" />
    <ClCompile Include="src\Game\Objects\Sample\SampleAnimationObject.cpp" />
    <ClCompile Include="src\Game\Components\PlayerController.cpp" />
    <ClCompile Include="src\Game\Objects\NeonFade\Player.cpp" />
    <ClCompile Include="src\Game\Scenes\NeonFade\SceneGame.cpp" />
    <ClCompile Include="src\Game\Utilitys\NeonFade\States\IState.cpp" />
    <ClCompile Include="src\Game\Utilitys\NeonFade\StateMachines\IStateMachine.cpp" />
    <ClCompile Include="src\Game\Utilitys\NeonFade\StateMachines\PlayerStateMachine.cpp" />
    <ClCompile Include="src\Game\Utilitys\NeonFade\States\PlayerMoveState.cpp" />
    <ClCompile Include="src\Game\Utilitys\NeonFade\States\PlayerIdleState.cpp" />
    <ClCompile Include="src\Game\Utilitys\NeonFade\States\PlayerJumpState.cpp" />
    <ClCompile Include="src\Game\Utilitys\NeonFade\States\PlayerFallState.cpp" />
    <ClCompile Include="src\System\Utils\Model.cpp" />
    <ClCompile Include="src\System\Utils\Texture.cpp" />
    <ClCompile Include="src\System\Utils\Audio.cpp" />
    <ClCompile Include="src\Game\Utilitys\NeonFade\States\PlayerCombatComboState.cpp" />
    <ClCompile Include="src\Game\Objects\NeonFade\Enemy.cpp" />
    <ClCompile Include="src\Game\Utilitys\NeonFade\StateMachines\EnemyStateMachine.cpp" />
    <ClCompile Include="src\Game\Components\EnemyController.cpp" />
    <ClCompile Include="src\Game\Utilitys\NeonFade\States\EnemyIdleState.cpp" />
    <ClCompile Include="src\Game\Utilitys\NeonFade\States\EnemyDamageState.cpp" />
    <ClCompile Include="src\Game\Utilitys\NeonFade\States\EnemyDownState.cpp" />
    <ClCompile Include="src\Game\Utilitys\NeonFade\States\PlayerClimbingState.cpp" />
    <ClCompile Include="src\Game\Utilitys\NeonFade\CatmullRomPath.cpp" />
    <ClCompile Include="src\Game\Objects\NeonFade\PoliceCar.cpp" />
    <ClCompile Include="src\Game\Utilitys\NeonFade\States\PlayerJumpAttackState.cpp" />
    <ClCompile Include="src\Game\Utilitys\NeonFade\States\PlayerJumpAttackLandState.cpp" />
  </ItemGroup>
  <ItemGroup>
    <ClInclude Include="src\System\Main.h">
      <Filter>System</Filter>
    </ClInclude>
    <ClInclude Include="src\System\Managers\SceneManager.h">
      <Filter>System</Filter>
    </ClInclude>
    <ClInclude Include="src\System\Utils\Time.h">
      <Filter>System</Filter>
    </ClInclude>
    <ClInclude Include="src\precompile.h">
      <Filter>System</Filter>
    </ClInclude>
    <ClInclude Include="src\System\Objects\Object.h">
      <Filter>System</Filter>
    </ClInclude>
    <ClInclude Include="src\System\Scene.h">
      <Filter>System</Filter>
    </ClInclude>
    <ClInclude Include="src\System\Components\Transform.h">
      <Filter>System\Compnents</Filter>
    </ClInclude>
    <ClInclude Include="src\System\Components\Component.h">
      <Filter>System</Filter>
    </ClInclude>
    <ClInclude Include="src\Float3.h">
      <Filter>System</Filter>
    </ClInclude>
    <ClInclude Include="src\Float2.h">
      <Filter>System</Filter>
    </ClInclude>
    <ClInclude Include="src\System\Utils\Input.h">
      <Filter>System</Filter>
    </ClInclude>
    <ClInclude Include="src\System\typedef.h">
      <Filter>System</Filter>
    </ClInclude>
    <ClInclude Include="src\System\Utils\Exception.h">
      <Filter>System</Filter>
    </ClInclude>
    <ClInclude Include="src\System\Components\Collider.h">
      <Filter>System\Compnents</Filter>
    </ClInclude>
    <ClInclude Include="src\System\Components\BoxCollider.h">
      <Filter>System\Compnents</Filter>
    </ClInclude>
    <ClInclude Include="src\System\Components\SphereCollider.h">
      <Filter>System\Compnents</Filter>
    </ClInclude>
    <ClInclude Include="src\System\Components\CapsuleCollider.h">
      <Filter>System\Compnents</Filter>
    </ClInclude>
    <ClInclude Include="src\System\Components\RigidBody.h">
      <Filter>System\Compnents</Filter>
    </ClInclude>
    <ClInclude Include="src\System\Managers\PhysicsManager.h">
      <Filter>System</Filter>
    </ClInclude>
    <ClInclude Include="src\System\Components\MeshCollider.h">
      <Filter>System\Compnents</Filter>
    </ClInclude>
    <ClInclude Include="src\System\Components\ModelRenderer.h">
      <Filter>System\Compnents</Filter>
    </ClInclude>
    <ClInclude Include="src\System\DontDestroyOnLoadScene.h">
      <Filter>System</Filter>
    </ClInclude>
    <ClInclude Include="src\System\Managers\ModelManager.h">
      <Filter>System</Filter>
    </ClInclude>
    <ClInclude Include="src\System\Components\ConvexMeshCollider.h">
      <Filter>System\Compnents</Filter>
    </ClInclude>
    <ClInclude Include="src\System\Components\Animator.h">
      <Filter>System\Compnents</Filter>
    </ClInclude>
    <ClInclude Include="src\System\Utils\Color.h">
      <Filter>System</Filter>
    </ClInclude>
    <ClInclude Include="src\System\Managers\AudioManager.h">
      <Filter>System</Filter>
    </ClInclude>
    <ClInclude Include="src\System\Components\AudioPlayer.h">
      <Filter>System\Compnents</Filter>
    </ClInclude>
    <ClInclude Include="src\System\Components\AudioListener.h" />
    <ClInclude Include="src\System\Utils\Shader.h">
      <Filter>System</Filter>
    </ClInclude>
    <ClInclude Include="src\System\Utils\FileWatcher.h">
      <Filter>System</Filter>
    </ClInclude>
    <ClInclude Include="src\System\Components\Camera.h" />
    <ClInclude Include="src\System\Managers\TextureManager.h" />
    <ClInclude Include="src\System\Managers\IniFileManager.h" />
    <ClInclude Include="src\System\Utils\Random.h" />
    <ClInclude Include="src\System\Objects\CameraObject.h" />
    <ClInclude Include="src\System\Objects\ButtonObject.h" />
    <ClInclude Include="src\System\Components\Text.h" />
    <ClInclude Include="src\System\Components\Button.h" />
    <ClInclude Include="src\System\Objects\TextObject.h" />
    <ClInclude Include="src\Game\Objects\Sample\Cards\CardBase.h" />
    <ClInclude Include="src\Game\Objects\Sample\Cards\CardDoman.h" />
    <ClInclude Include="src\Game\Objects\Sample\Cards\CardFist.h" />
    <ClInclude Include="src\Game\Objects\Sample\Cards\CardShinsoku.h" />
    <ClInclude Include="src\Game\Objects\Sample\Cards\CardUnpu.h" />
    <ClInclude Include="src\Game\Objects\Sample\Dices\DiceBase.h" />
    <ClInclude Include="src\Game\Objects\Sample\Dices\DiceD4.h" />
    <ClInclude Include="src\Game\Objects\Sample\Dices\DiceD6.h" />
    <ClInclude Include="src\Game\Objects\Sample\Dices\DiceD8.h" />
    <ClInclude Include="src\Game\Objects\Sample\Dices\DiceD10.h" />
    <ClInclude Include="src\Game\Objects\Sample\Dices\DiceD12.h" />
    <ClInclude Include="src\Game\Objects\Sample\Dices\DiceD20.h" />
    <ClInclude Include="src\Game\Scenes\Sample\DiceScene.h" />
    <ClInclude Include="src\Game\Scenes\Sample\SampleAnotherScene.h" />
    <ClInclude Include="src\Game\Utilitys\DicePair.h" />
    <ClInclude Include="src\Game\Managers\NetWorkManagerBase.h" />
    <ClInclude Include="src\Game\Managers\NetWorkManager_Server.h" />
    <ClInclude Include="src\Game\Managers\NetWorkManager_Client.h" />
    <ClInclude Include="src\Game\Scenes\NetWork\NetWorkSampleScene.h" />
    <ClInclude Include="src\System\Utils\Render.h" />
    <ClInclude Include="src\System\Objects\ShadowMapObject.h" />
    <ClInclude Include="src\Game\Scenes\Sample\SampleAnimationScene.h" />
    <ClInclude Include="src\Game\Objects\Sample\SampleAnimationObject.h" />
    <ClInclude Include="src\Game\Scenes\NetWork\NetWorkSampleScene_Server.h" />
    <ClInclude Include="src\Game\Scenes\NetWork\NetWorkSampleScene_Client.h" />
    <ClInclude Include="src\System\Utils\Material.h" />
    <ClInclude Include="src\System\Managers\MaterialManager.h" />
    <ClInclude Include="src\Game\Objects\Sample\SampleMovingCharacter.h" />
    <ClInclude Include="src\Game\Scenes\Sample\SampleMovingScene.h" />
    <ClInclude Include="src\Game\Scenes\Sample\SampleMaterialScene.h" />
    <ClInclude Include="src\System\Components\ImageRenderer.h" />
    <ClInclude Include="src\Game\Scenes\Sample\SampleRoomScene.h" />
    <ClInclude Include="src\Game\Managers\LightManager.h" />
    <ClInclude Include="src\Game\Scenes\Sample\SampleRoomScene.h" />
    <ClInclude Include="src\Game\Objects\Sample\SampleAnimationObject.h" />
    <ClInclude Include="src\Game\Components\PlayerController.h" />
    <ClInclude Include="src\Game\Objects\NeonFade\Player.h" />
    <ClInclude Include="src\Game\Scenes\NeonFade\SceneGame.h" />
    <ClInclude Include="src\Game\Utilitys\NeonFade\States\IState.h" />
    <ClInclude Include="src\Game\Utilitys\NeonFade\StateMachines\IStateMachine.h" />
    <ClInclude Include="src\Game\Utilitys\NeonFade\StateMachines\PlayerStateMachine.h" />
    <ClInclude Include="src\Game\Utilitys\NeonFade\States\PlayerMoveState.h" />
    <ClInclude Include="src\Game\Utilitys\NeonFade\States\PlayerIdleState.h" />
    <ClInclude Include="src\Game\Utilitys\NeonFade\States\PlayerJumpState.h" />
    <ClInclude Include="src\Game\Utilitys\NeonFade\States\PlayerFallState.h" />
    <ClInclude Include="src\System\SystemHeaders\Components.h" />
    <ClInclude Include="src\System\SystemHeaders\Managers.h" />
    <ClInclude Include="src\System\SystemHeaders\Objects.h" />
    <ClInclude Include="src\System\SystemHeaders\Utilitys.h" />
    <ClInclude Include="src\System\Utils\Model.h" />
    <ClInclude Include="src\System\Utils\Texture.h" />
    <ClInclude Include="src\System\Utils\Audio.h" />
    <ClInclude Include="src\Game\Utilitys\NeonFade\States\PlayerCombatComboState.h" />
    <ClInclude Include="src\Game\Objects\NeonFade\Enemy.h" />
    <ClInclude Include="src\Game\Utilitys\NeonFade\StateMachines\EnemyStateMachine.h" />
    <ClInclude Include="src\Game\Components\EnemyController.h" />
    <ClInclude Include="src\Game\Utilitys\NeonFade\States\EnemyIdleState.h" />
    <ClInclude Include="src\Game\Utilitys\NeonFade\States\EnemyDamageState.h" />
    <ClInclude Include="src\Game\Utilitys\NeonFade\States\EnemyDownState.h" />
    <ClInclude Include="src\Game\Utilitys\NeonFade\States\PlayerClimbingState.h" />
    <ClInclude Include="src\Game\Utilitys\NeonFade\CatmullRomPath.h" />
    <ClInclude Include="src\Game\Objects\NeonFade\PoliceCar.h" />
    <ClInclude Include="src\Game\Utilitys\NeonFade\States\PlayerJumpAttackState.h" />
    <ClInclude Include="src\Game\Utilitys\NeonFade\States\PlayerJumpAttackLandState.h" />
  </ItemGroup>
  <ItemGroup>
    <Filter Include="System">
      <UniqueIdentifier>{53df3da8-cc69-45bf-932d-e1a936ddd2ea}</UniqueIdentifier>
    </Filter>
    <Filter Include="System\Compnents">
      <UniqueIdentifier>{cc4430c4-ef78-48cf-a93a-2312d026983d}</UniqueIdentifier>
    </Filter>
    <Filter Include="System\Objects">
      <UniqueIdentifier>{7afccf8f-4129-4764-91c0-54c2ad6a030b}</UniqueIdentifier>
    </Filter>
    <Filter Include="Game">
      <UniqueIdentifier>{4a67c7c6-df48-4812-8203-4b8003926a6e}</UniqueIdentifier>
    </Filter>
    <Filter Include="shader">
      <UniqueIdentifier>{9e7682ef-6479-4955-923f-a52f497c24cd}</UniqueIdentifier>
    </Filter>
  </ItemGroup>
</Project>