<?xml version="1.0" encoding="utf-8"?>
<Project ToolsVersion="4.0" xmlns="http://schemas.microsoft.com/developer/msbuild/2003">
  <ItemGroup>
    <ClCompile Include="src\System\Main.cpp">
      <Filter>System</Filter>
    </ClCompile>
    <ClCompile Include="src\System\SceneManager.cpp">
      <Filter>System</Filter>
    </ClCompile>
    <ClCompile Include="src\System\Time.cpp">
      <Filter>System</Filter>
    </ClCompile>
    <ClCompile Include="src\System\Object.cpp">
      <Filter>System</Filter>
    </ClCompile>
    <ClCompile Include="src\System\Scene.cpp">
      <Filter>System</Filter>
    </ClCompile>
    <ClCompile Include="src\System\Components\Transform.cpp">
      <Filter>System\Compnents</Filter>
    </ClCompile>
    <ClCompile Include="src\System\Component.cpp">
      <Filter>System</Filter>
    </ClCompile>
    <ClCompile Include="src\Float2.cpp">
      <Filter>System</Filter>
    </ClCompile>
    <ClCompile Include="src\Float3.cpp">
      <Filter>System</Filter>
    </ClCompile>
    <ClCompile Include="src\System\Input.cpp">
      <Filter>System</Filter>
    </ClCompile>
    <ClCompile Include="src\System\Exception.cpp">
      <Filter>System</Filter>
    </ClCompile>
    <ClCompile Include="src\System\Components\Collider.cpp">
      <Filter>System\Compnents</Filter>
    </ClCompile>
    <ClCompile Include="src\System\Components\BoxCollider.cpp">
      <Filter>System\Compnents</Filter>
    </ClCompile>
    <ClCompile Include="src\System\Components\CapsuleCollider.cpp">
      <Filter>System\Compnents</Filter>
    </ClCompile>
    <ClCompile Include="src\System\Components\SphereCollider.cpp">
      <Filter>System\Compnents</Filter>
    </ClCompile>
    <ClCompile Include="src\System\Components\RigidBody.cpp">
      <Filter>System\Compnents</Filter>
    </ClCompile>
    <ClCompile Include="src\System\PhysicsManager.cpp">
      <Filter>System</Filter>
    </ClCompile>
    <ClCompile Include="src\System\typedef.cpp">
      <Filter>System</Filter>
    </ClCompile>
    <ClCompile Include="src\System\Components\MeshCollider.cpp">
      <Filter>System\Compnents</Filter>
    </ClCompile>
    <ClCompile Include="src\System\Components\ModelRenderer.cpp">
      <Filter>System\Compnents</Filter>
    </ClCompile>
    <ClCompile Include="src\System\DontDestroyOnLoadScene.cpp">
      <Filter>System</Filter>
    </ClCompile>
    <ClCompile Include="src\System\ModelManager.cpp">
      <Filter>System</Filter>
    </ClCompile>
    <ClCompile Include="src\System\Components\ConvexMeshCollider.cpp">
      <Filter>System\Compnents</Filter>
    </ClCompile>
    <ClCompile Include="src\System\Components\Animator.cpp">
      <Filter>System\Compnents</Filter>
    </ClCompile>
    <ClCompile Include="src\System\Color.cpp">
      <Filter>System</Filter>
    </ClCompile>
    <ClCompile Include="src\System\AudioManager.cpp">
      <Filter>System</Filter>
    </ClCompile>
    <ClCompile Include="src\System\Components\AudioPlayer.cpp">
      <Filter>System\Compnents</Filter>
    </ClCompile>
    <ClCompile Include="src\System\Components\AudioListener.cpp" />
    <ClCompile Include="src\System\Shader.cpp">
      <Filter>System</Filter>
    </ClCompile>
    <ClCompile Include="src\System\FileWatcher.cpp">
      <Filter>System</Filter>
    </ClCompile>
    <ClCompile Include="src\System\Components\Camera.cpp" />
    <ClCompile Include="src\Game\Scenes\SceneTitle.cpp" />
    <ClCompile Include="src\Game\Scenes\DiceScene.cpp" />
    <ClCompile Include="src\Game\Objects\DiceD10.cpp" />
    <ClCompile Include="src\Game\Objects\DiceD12.cpp" />
    <ClCompile Include="src\Game\Objects\DiceD20.cpp" />
    <ClCompile Include="src\Game\Objects\DiceD4.cpp" />
    <ClCompile Include="src\Game\Objects\DiceD6.cpp" />
    <ClCompile Include="src\Game\Objects\DiceD8.cpp" />
    <ClCompile Include="src\Game\Objects\DiceBase.cpp" />
    <ClCompile Include="src\Game\Managers\InputManager.cpp" />
    <ClCompile Include="src\Game\Utilitys\DicePair.cpp" />
    <ClCompile Include="src\System\TextureManager.cpp" />
    <ClCompile Include="src\System\IniFileManager.cpp" />
    <ClCompile Include="imgui\imgui.cpp" />
    <ClCompile Include="imgui\imgui_demo.cpp" />
    <ClCompile Include="imgui\imgui_draw.cpp" />
    <ClCompile Include="imgui\imgui_tables.cpp" />
    <ClCompile Include="imgui\imgui_widgets.cpp" />
    <ClCompile Include="SceneShader.cpp" />
    <ClCompile Include="src\System\ImGui_.cpp" />
    <ClCompile Include="imgui\backends\imgui_impl_dx11.cpp" />
    <ClCompile Include="imgui\backends\imgui_impl_dx9.cpp" />
    <ClCompile Include="imgui\backends\imgui_impl_win32.cpp" />
    <ClCompile Include="src\Game\Objects\CardBase.cpp" />
    <ClCompile Include="src\Game\Objects\CardFist.cpp" />
    <ClCompile Include="src\Game\Objects\CardShinsoku.cpp" />
    <ClCompile Include="src\Game\Objects\CardDoman.cpp" />
    <ClCompile Include="src\Game\Objects\CardUnpu.cpp" />
    <ClCompile Include="src\System\Random.cpp" />
    <ClCompile Include="src\Game\Scenes\GameCreating_Kadai\SceneAme.cpp" />
    <ClCompile Include="src\System\Objects\CameraObject.cpp" />
    <ClCompile Include="src\System\Objects\ButtonObject.cpp" />
    <ClCompile Include="src\System\Components\Text.cpp" />
    <ClCompile Include="src\System\Components\Button.cpp" />
    <ClCompile Include="src\System\Objects\TextObject.cpp" />
  </ItemGroup>
  <ItemGroup>
    <ClInclude Include="src\System\Main.h">
      <Filter>System</Filter>
    </ClInclude>
    <ClInclude Include="src\System\SceneManager.h">
      <Filter>System</Filter>
    </ClInclude>
    <ClInclude Include="src\System\Time.h">
      <Filter>System</Filter>
    </ClInclude>
    <ClInclude Include="src\precompile.h">
      <Filter>System</Filter>
    </ClInclude>
    <ClInclude Include="src\System\Object.h">
      <Filter>System</Filter>
    </ClInclude>
    <ClInclude Include="src\System\Scene.h">
      <Filter>System</Filter>
    </ClInclude>
    <ClInclude Include="src\System\Components\Transform.h">
      <Filter>System\Compnents</Filter>
    </ClInclude>
    <ClInclude Include="src\System\Component.h">
      <Filter>System</Filter>
    </ClInclude>
    <ClInclude Include="src\Float3.h">
      <Filter>System</Filter>
    </ClInclude>
    <ClInclude Include="src\Float2.h">
      <Filter>System</Filter>
    </ClInclude>
    <ClInclude Include="src\System\Input.h">
      <Filter>System</Filter>
    </ClInclude>
    <ClInclude Include="src\System\typedef.h">
      <Filter>System</Filter>
    </ClInclude>
    <ClInclude Include="src\System\Exception.h">
      <Filter>System</Filter>
    </ClInclude>
    <ClInclude Include="src\System\Components\Collider.h">
      <Filter>System\Compnents</Filter>
    </ClInclude>
    <ClInclude Include="src\System\Components\BoxCollider.h">
      <Filter>System\Compnents</Filter>
    </ClInclude>
    <ClInclude Include="src\System\Components\SphereCollider.h">
      <Filter>System\Compnents</Filter>
    </ClInclude>
    <ClInclude Include="src\System\Components\CapsuleCollider.h">
      <Filter>System\Compnents</Filter>
    </ClInclude>
    <ClInclude Include="src\System\Components\RigidBody.h">
      <Filter>System\Compnents</Filter>
    </ClInclude>
    <ClInclude Include="src\System\PhysicsManager.h">
      <Filter>System</Filter>
    </ClInclude>
    <ClInclude Include="src\System\Components\MeshCollider.h">
      <Filter>System\Compnents</Filter>
    </ClInclude>
    <ClInclude Include="src\System\Components\ModelRenderer.h">
      <Filter>System\Compnents</Filter>
    </ClInclude>
    <ClInclude Include="src\System\DontDestroyOnLoadScene.h">
      <Filter>System</Filter>
    </ClInclude>
    <ClInclude Include="src\System\ModelManager.h">
      <Filter>System</Filter>
    </ClInclude>
    <ClInclude Include="src\System\Components\ConvexMeshCollider.h">
      <Filter>System\Compnents</Filter>
    </ClInclude>
    <ClInclude Include="src\System\Components\Animator.h">
      <Filter>System\Compnents</Filter>
    </ClInclude>
    <ClInclude Include="src\System\Color.h">
      <Filter>System</Filter>
    </ClInclude>
    <ClInclude Include="src\System\AudioManager.h">
      <Filter>System</Filter>
    </ClInclude>
    <ClInclude Include="src\System\Components\AudioPlayer.h">
      <Filter>System\Compnents</Filter>
    </ClInclude>
    <ClInclude Include="src\System\Components\AudioListener.h" />
    <ClInclude Include="data\shader\dxlib_ps.h">
      <Filter>shader</Filter>
    </ClInclude>
    <ClInclude Include="src\System\Shader.h">
      <Filter>System</Filter>
    </ClInclude>
    <ClInclude Include="src\System\FileWatcher.h">
      <Filter>System</Filter>
    </ClInclude>
    <ClInclude Include="data\shader\dxlib_vs_model.h">
      <Filter>shader</Filter>
    </ClInclude>
    <ClInclude Include="src\System\Components\Camera.h" />
    <ClInclude Include="src\Game\Scenes\SceneTitle.h" />
    <ClInclude Include="src\Game\Scenes\DiceScene.h" />
    <ClInclude Include="src\Game\Objects\DiceD10.h" />
    <ClInclude Include="src\Game\Objects\DiceD12.h" />
    <ClInclude Include="src\Game\Objects\DiceD20.h" />
    <ClInclude Include="src\Game\Objects\DiceD4.h" />
    <ClInclude Include="src\Game\Objects\DiceD6.h" />
    <ClInclude Include="src\Game\Objects\DiceD8.h" />
    <ClInclude Include="src\Game\Objects\DiceBase.h" />
    <ClInclude Include="src\Game\Managers\InputManager.h" />
    <ClInclude Include="src\Game\Utilitys\DicePair.h" />
    <ClInclude Include="src\System\TextureManager.h" />
    <ClInclude Include="src\System\IniFileManager.h" />
    <ClInclude Include="imgui\imconfig.h" />
    <ClInclude Include="imgui\imgui.h" />
    <ClInclude Include="imgui\imgui_internal.h" />
    <ClInclude Include="imgui\imstb_rectpack.h" />
    <ClInclude Include="imgui\imstb_textedit.h" />
    <ClInclude Include="imgui\imstb_truetype.h" />
    <ClInclude Include="SceneShader.h" />
    <ClInclude Include="src\System\ImGui_.h" />
    <ClInclude Include="imgui\backends\imgui_impl_dx11.h" />
    <ClInclude Include="imgui\backends\imgui_impl_dx9.h" />
    <ClInclude Include="imgui\backends\imgui_impl_win32.h" />
    <ClInclude Include="src\Game\Objects\CardBase.h" />
    <ClInclude Include="src\Game\Objects\CardFist.h" />
    <ClInclude Include="src\Game\Objects\CardShinsoku.h" />
    <ClInclude Include="src\Game\Objects\CardDoman.h" />
    <ClInclude Include="src\Game\Objects\CardUnpu.h" />
    <ClInclude Include="src\System\Random.h" />
    <ClInclude Include="src\Game\Scenes\GameCreating_Kadai\SceneAme.h" />
    <ClInclude Include="src\System\Objects\CameraObject.h" />
    <ClInclude Include="src\System\Objects\ButtonObject.h" />
    <ClInclude Include="src\System\Components\Text.h" />
    <ClInclude Include="src\System\Components\Button.h" />
    <ClInclude Include="src\System\Objects\TextObject.h" />
  </ItemGroup>
  <ItemGroup>
    <Filter Include="System">
      <UniqueIdentifier>{53df3da8-cc69-45bf-932d-e1a936ddd2ea}</UniqueIdentifier>
    </Filter>
    <Filter Include="System\Compnents">
      <UniqueIdentifier>{cc4430c4-ef78-48cf-a93a-2312d026983d}</UniqueIdentifier>
    </Filter>
    <Filter Include="System\Objects">
      <UniqueIdentifier>{7afccf8f-4129-4764-91c0-54c2ad6a030b}</UniqueIdentifier>
    </Filter>
    <Filter Include="Game">
      <UniqueIdentifier>{4a67c7c6-df48-4812-8203-4b8003926a6e}</UniqueIdentifier>
    </Filter>
    <Filter Include="shader">
      <UniqueIdentifier>{9e7682ef-6479-4955-923f-a52f497c24cd}</UniqueIdentifier>
    </Filter>
  </ItemGroup>
  <ItemGroup>
    <FxCompile Include="data\shader\SimpleShader.fx">
      <Filter>shader</Filter>
    </FxCompile>
    <FxCompile Include="data\shader\vs_model.fx">
      <Filter>shader</Filter>
    </FxCompile>
    <FxCompile Include="data\shader\vs_shadow.fx">
      <Filter>shader</Filter>
    </FxCompile>
    <FxCompile Include="data\shader\ps_shadow.fx">
      <Filter>shader</Filter>
    </FxCompile>
  </ItemGroup>
</Project>